
Microsoft Visual Studio Solution File, Format Version 11.00
# Visual C# Express 2010
Project("{FAE04EC0-301F-11D3-BF4B-00C04F79EFBC}") = "Contacts", "Contacts\Contacts.csproj", "{46F77CBE-0E27-4F91-BF21-77B296AD8F72}"
EndProject
Global
	GlobalSection(SolutionConfigurationPlatforms) = preSolution
		Debug|x86 = Debug|x86
		Release|x86 = Release|x86
	EndGlobalSection
	GlobalSection(ProjectConfigurationPlatforms) = postSolution
		{46F77CBE-0E27-4F91-BF21-77B296AD8F72}.Debug|x86.ActiveCfg = Debug|x86
		{46F77CBE-0E27-4F91-BF21-77B296AD8F72}.Debug|x86.Build.0 = Debug|x86
		{46F77CBE-0E27-4F91-BF21-77B296AD8F72}.Release|x86.ActiveCfg = Release|x86
		{46F77CBE-0E27-4F91-BF21-77B296AD8F72}.Release|x86.Build.0 = Release|x86
	EndGlobalSection
	GlobalSection(SolutionProperties) = preSolution
		HideSolutionNode = FALSE
	EndGlobalSection
EndGlobal
